
Microsoft Visual Studio Solution File, Format Version 12.00
# Visual Studio Version 16
VisualStudioVersion = 16.0.36631.11
MinimumVisualStudioVersion = 10.0.40219.1
Project("{2150E333-8FDC-42A3-9474-1A3956D46DE8}") = "Microservices", "Microservices", "{02EA681E-C7D8-13C7-8484-4AC65E1B71E8}"
EndProject
Project("{2150E333-8FDC-42A3-9474-1A3956D46DE8}") = "Domain", "Domain", "{793324ED-21D4-4122-86CC-B9453E5215A9}"
EndProject
Project("{2150E333-8FDC-42A3-9474-1A3956D46DE8}") = "Infra.Bus", "Infra.Bus", "{F072AE22-9820-4D31-99C4-F58D33217755}"
EndProject
Project("{2150E333-8FDC-42A3-9474-1A3956D46DE8}") = "Infra.IoC", "Infra.IoC", "{2A9C5C9B-4978-4B72-9FB5-CF9D58FBD3A7}"
EndProject
Project("{2150E333-8FDC-42A3-9474-1A3956D46DE8}") = "Presentation", "Presentation", "{D5419E8F-4E48-49FC-8755-786D661F3352}"
EndProject
Project("{9A19103F-16F7-4668-BE54-9A1E7A4F7556}") = "MicroRabbit.Domain.Core", "MicroRabbit.Domain.Core\MicroRabbit.Domain.Core.csproj", "{8CCC0556-9BDE-4B69-97E8-0DC4AC67B4EE}"
EndProject
Project("{9A19103F-16F7-4668-BE54-9A1E7A4F7556}") = "MicroRabbit.Infra.Bus", "MicroRabbit.Infra.Bus\MicroRabbit.Infra.Bus\MicroRabbit.Infra.Bus.csproj", "{500B8113-9400-4635-94B6-70295D19BA71}"
EndProject
Project("{9A19103F-16F7-4668-BE54-9A1E7A4F7556}") = "MicroRabbit.Infra.IoC", "MicroRabbit.Infra.IoC\MicroRabbit.Infra.IoC\MicroRabbit.Infra.IoC.csproj", "{7B5E7A92-AA86-46BB-B582-CF0DBC1A04AE}"
EndProject
Project("{2150E333-8FDC-42A3-9474-1A3956D46DE8}") = "Banking", "Banking", "{9E1F08C3-F2C7-478E-A65E-40F29FE73DF0}"
EndProject
Project("{2150E333-8FDC-42A3-9474-1A3956D46DE8}") = "Api", "Api", "{921A2549-A5D1-4F29-9529-896D55957FC3}"
EndProject
Project("{2150E333-8FDC-42A3-9474-1A3956D46DE8}") = "Application", "Application", "{A351BC96-7367-402F-9A50-8E2930C8103A}"
EndProject
Project("{2150E333-8FDC-42A3-9474-1A3956D46DE8}") = "Data", "Data", "{ED808223-BC88-489C-9DB3-16E7930B88D8}"
EndProject
Project("{2150E333-8FDC-42A3-9474-1A3956D46DE8}") = "Domain", "Domain", "{673B9749-A1D5-4089-99C2-D1536F86C2CB}"
EndProject
Project("{9A19103F-16F7-4668-BE54-9A1E7A4F7556}") = "MicroRabbit.Banking.Api", "MicroRabbit.Banking.Api\MicroRabbit.Banking.Api.csproj", "{7F873940-C6FE-4D19-8CBB-A4E9331FC97D}"
EndProject
Project("{9A19103F-16F7-4668-BE54-9A1E7A4F7556}") = "MicroRabbit.Banking.Application", "MicroRabbit.Banking.Application\MicroRabbit.Banking.Application.csproj", "{A34B9B4C-9D56-46EC-8446-39C1C1B96852}"
EndProject
Project("{9A19103F-16F7-4668-BE54-9A1E7A4F7556}") = "MicroRabbit.Banking.Data", "MicroRabbit.Banking.Data\MicroRabbit.Banking.Data.csproj", "{E8EDE93F-4065-4F4D-8713-DAF4F736498A}"
EndProject
Project("{9A19103F-16F7-4668-BE54-9A1E7A4F7556}") = "MicroRabbit.Banking.Domain", "MicroRabbit.Banking.Domain\MicroRabbit.Banking.Domain.csproj", "{DBCFC24C-46DE-4581-84A5-F26BE1117C00}"
EndProject
Global
	GlobalSection(SolutionConfigurationPlatforms) = preSolution
		Debug|Any CPU = Debug|Any CPU
		Release|Any CPU = Release|Any CPU
	EndGlobalSection
	GlobalSection(ProjectConfigurationPlatforms) = postSolution
		{8CCC0556-9BDE-4B69-97E8-0DC4AC67B4EE}.Debug|Any CPU.ActiveCfg = Debug|Any CPU
		{8CCC0556-9BDE-4B69-97E8-0DC4AC67B4EE}.Debug|Any CPU.Build.0 = Debug|Any CPU
		{8CCC0556-9BDE-4B69-97E8-0DC4AC67B4EE}.Release|Any CPU.ActiveCfg = Release|Any CPU
		{8CCC0556-9BDE-4B69-97E8-0DC4AC67B4EE}.Release|Any CPU.Build.0 = Release|Any CPU
		{500B8113-9400-4635-94B6-70295D19BA71}.Debug|Any CPU.ActiveCfg = Debug|Any CPU
		{500B8113-9400-4635-94B6-70295D19BA71}.Debug|Any CPU.Build.0 = Debug|Any CPU
		{500B8113-9400-4635-94B6-70295D19BA71}.Release|Any CPU.ActiveCfg = Release|Any CPU
		{500B8113-9400-4635-94B6-70295D19BA71}.Release|Any CPU.Build.0 = Release|Any CPU
		{7B5E7A92-AA86-46BB-B582-CF0DBC1A04AE}.Debug|Any CPU.ActiveCfg = Debug|Any CPU
		{7B5E7A92-AA86-46BB-B582-CF0DBC1A04AE}.Debug|Any CPU.Build.0 = Debug|Any CPU
		{7B5E7A92-AA86-46BB-B582-CF0DBC1A04AE}.Release|Any CPU.ActiveCfg = Release|Any CPU
		{7B5E7A92-AA86-46BB-B582-CF0DBC1A04AE}.Release|Any CPU.Build.0 = Release|Any CPU
		{7F873940-C6FE-4D19-8CBB-A4E9331FC97D}.Debug|Any CPU.ActiveCfg = Debug|Any CPU
		{7F873940-C6FE-4D19-8CBB-A4E9331FC97D}.Debug|Any CPU.Build.0 = Debug|Any CPU
		{7F873940-C6FE-4D19-8CBB-A4E9331FC97D}.Release|Any CPU.ActiveCfg = Release|Any CPU
		{7F873940-C6FE-4D19-8CBB-A4E9331FC97D}.Release|Any CPU.Build.0 = Release|Any CPU
		{A34B9B4C-9D56-46EC-8446-39C1C1B96852}.Debug|Any CPU.ActiveCfg = Debug|Any CPU
		{A34B9B4C-9D56-46EC-8446-39C1C1B96852}.Debug|Any CPU.Build.0 = Debug|Any CPU
		{A34B9B4C-9D56-46EC-8446-39C1C1B96852}.Release|Any CPU.ActiveCfg = Release|Any CPU
		{A34B9B4C-9D56-46EC-8446-39C1C1B96852}.Release|Any CPU.Build.0 = Release|Any CPU
		{E8EDE93F-4065-4F4D-8713-DAF4F736498A}.Debug|Any CPU.ActiveCfg = Debug|Any CPU
		{E8EDE93F-4065-4F4D-8713-DAF4F736498A}.Debug|Any CPU.Build.0 = Debug|Any CPU
		{E8EDE93F-4065-4F4D-8713-DAF4F736498A}.Release|Any CPU.ActiveCfg = Release|Any CPU
		{E8EDE93F-4065-4F4D-8713-DAF4F736498A}.Release|Any CPU.Build.0 = Release|Any CPU
		{DBCFC24C-46DE-4581-84A5-F26BE1117C00}.Debug|Any CPU.ActiveCfg = Debug|Any CPU
		{DBCFC24C-46DE-4581-84A5-F26BE1117C00}.Debug|Any CPU.Build.0 = Debug|Any CPU
		{DBCFC24C-46DE-4581-84A5-F26BE1117C00}.Release|Any CPU.ActiveCfg = Release|Any CPU
		{DBCFC24C-46DE-4581-84A5-F26BE1117C00}.Release|Any CPU.Build.0 = Release|Any CPU
	EndGlobalSection
	GlobalSection(SolutionProperties) = preSolution
		HideSolutionNode = FALSE
	EndGlobalSection
	GlobalSection(NestedProjects) = preSolution
		{8CCC0556-9BDE-4B69-97E8-0DC4AC67B4EE} = {793324ED-21D4-4122-86CC-B9453E5215A9}
		{500B8113-9400-4635-94B6-70295D19BA71} = {F072AE22-9820-4D31-99C4-F58D33217755}
		{7B5E7A92-AA86-46BB-B582-CF0DBC1A04AE} = {2A9C5C9B-4978-4B72-9FB5-CF9D58FBD3A7}
		{9E1F08C3-F2C7-478E-A65E-40F29FE73DF0} = {02EA681E-C7D8-13C7-8484-4AC65E1B71E8}
		{921A2549-A5D1-4F29-9529-896D55957FC3} = {9E1F08C3-F2C7-478E-A65E-40F29FE73DF0}
		{A351BC96-7367-402F-9A50-8E2930C8103A} = {9E1F08C3-F2C7-478E-A65E-40F29FE73DF0}
		{ED808223-BC88-489C-9DB3-16E7930B88D8} = {9E1F08C3-F2C7-478E-A65E-40F29FE73DF0}
		{673B9749-A1D5-4089-99C2-D1536F86C2CB} = {9E1F08C3-F2C7-478E-A65E-40F29FE73DF0}
		{7F873940-C6FE-4D19-8CBB-A4E9331FC97D} = {921A2549-A5D1-4F29-9529-896D55957FC3}
		{A34B9B4C-9D56-46EC-8446-39C1C1B96852} = {A351BC96-7367-402F-9A50-8E2930C8103A}
		{E8EDE93F-4065-4F4D-8713-DAF4F736498A} = {ED808223-BC88-489C-9DB3-16E7930B88D8}
		{DBCFC24C-46DE-4581-84A5-F26BE1117C00} = {673B9749-A1D5-4089-99C2-D1536F86C2CB}
	EndGlobalSection
	GlobalSection(ExtensibilityGlobals) = postSolution
		SolutionGuid = {39E025C1-EDA0-4863-A8E1-DEDE06832AC2}
	EndGlobalSection
EndGlobal
