
Microsoft Visual Studio Solution File, Format Version 12.00
# Visual Studio Version 17
VisualStudioVersion = 17.14.36401.2
MinimumVisualStudioVersion = 10.0.40219.1
Project("{2150E333-8FDC-42A3-9474-1A3956D46DE8}") = "Microservices", "Microservices", "{02EA681E-C7D8-13C7-8484-4AC65E1B71E8}"
EndProject
Project("{2150E333-8FDC-42A3-9474-1A3956D46DE8}") = "Domain", "Domain", "{793324ED-21D4-4122-86CC-B9453E5215A9}"
EndProject
Project("{2150E333-8FDC-42A3-9474-1A3956D46DE8}") = "Infra.Bus", "Infra.Bus", "{F072AE22-9820-4D31-99C4-F58D33217755}"
EndProject
Project("{2150E333-8FDC-42A3-9474-1A3956D46DE8}") = "Infra.IoC", "Infra.IoC", "{2A9C5C9B-4978-4B72-9FB5-CF9D58FBD3A7}"
EndProject
Project("{2150E333-8FDC-42A3-9474-1A3956D46DE8}") = "Presentation", "Presentation", "{D5419E8F-4E48-49FC-8755-786D661F3352}"
EndProject
Project("{FAE04EC0-301F-11D3-BF4B-00C04F79EFBC}") = "MicroRabbit.Domain.Core", "MicroRabbit.Domain.Core\MicroRabbit.Domain.Core.csproj", "{A98B4683-FCAD-4040-94A0-5419CCD6B9D9}"
EndProject
Project("{FAE04EC0-301F-11D3-BF4B-00C04F79EFBC}") = "MicroRabbit.Infra.Bus", "MicroRabbit.Infra.Bus\MicroRabbit.Infra.Bus.csproj", "{8C20A034-0C19-426A-B2C0-7D3C8186AD86}"
EndProject
Global
	GlobalSection(SolutionConfigurationPlatforms) = preSolution
		Debug|Any CPU = Debug|Any CPU
		Release|Any CPU = Release|Any CPU
	EndGlobalSection
	GlobalSection(ProjectConfigurationPlatforms) = postSolution
		{A98B4683-FCAD-4040-94A0-5419CCD6B9D9}.Debug|Any CPU.ActiveCfg = Debug|Any CPU
		{A98B4683-FCAD-4040-94A0-5419CCD6B9D9}.Debug|Any CPU.Build.0 = Debug|Any CPU
		{A98B4683-FCAD-4040-94A0-5419CCD6B9D9}.Release|Any CPU.ActiveCfg = Release|Any CPU
		{A98B4683-FCAD-4040-94A0-5419CCD6B9D9}.Release|Any CPU.Build.0 = Release|Any CPU
		{8C20A034-0C19-426A-B2C0-7D3C8186AD86}.Debug|Any CPU.ActiveCfg = Debug|Any CPU
		{8C20A034-0C19-426A-B2C0-7D3C8186AD86}.Debug|Any CPU.Build.0 = Debug|Any CPU
		{8C20A034-0C19-426A-B2C0-7D3C8186AD86}.Release|Any CPU.ActiveCfg = Release|Any CPU
		{8C20A034-0C19-426A-B2C0-7D3C8186AD86}.Release|Any CPU.Build.0 = Release|Any CPU
	EndGlobalSection
	GlobalSection(SolutionProperties) = preSolution
		HideSolutionNode = FALSE
	EndGlobalSection
	GlobalSection(NestedProjects) = preSolution
		{A98B4683-FCAD-4040-94A0-5419CCD6B9D9} = {793324ED-21D4-4122-86CC-B9453E5215A9}
		{8C20A034-0C19-426A-B2C0-7D3C8186AD86} = {F072AE22-9820-4D31-99C4-F58D33217755}
	EndGlobalSection
	GlobalSection(ExtensibilityGlobals) = postSolution
		SolutionGuid = {39E025C1-EDA0-4863-A8E1-DEDE06832AC2}
	EndGlobalSection
EndGlobal
